
Microsoft Visual Studio Solution File, Format Version 11.00
# Visual Studio 2010
Project("{FAE04EC0-301F-11D3-BF4B-00C04F79EFBC}") = "Assembly-CSharp", "Assembly-CSharp.csproj", "{2432937A-8BB5-F13F-61D0-49C671582DFC}"
EndProject
Global
	GlobalSection(SolutionConfigurationPlatforms) = preSolution
		Debug|Any CPU = Debug|Any CPU
		Release|Any CPU = Release|Any CPU
	EndGlobalSection
	GlobalSection(ProjectConfigurationPlatforms) = postSolution
		{2432937A-8BB5-F13F-61D0-49C671582DFC}.Debug|Any CPU.ActiveCfg = Debug|Any CPU
		{2432937A-8BB5-F13F-61D0-49C671582DFC}.Debug|Any CPU.Build.0 = Debug|Any CPU
		{2432937A-8BB5-F13F-61D0-49C671582DFC}.Release|Any CPU.ActiveCfg = Release|Any CPU
		{2432937A-8BB5-F13F-61D0-49C671582DFC}.Release|Any CPU.Build.0 = Release|Any CPU
	EndGlobalSection
	GlobalSection(SolutionProperties) = preSolution
		HideSolutionNode = FALSE
	EndGlobalSection
EndGlobal
